// !$*UTF8*$!
{
	archiveVersion = 1;
	classes = {
	};
	objectVersion = 50;
	objects = {

/* Begin PBXBuildFile section */
		4347F1C127357BFA0028D48B /* ios_00857017_hw2App.swift in Sources */ = {isa = PBXBuildFile; fileRef = 4347F1C027357BFA0028D48B /* ios_00857017_hw2App.swift */; };
		4347F1C327357BFA0028D48B /* ContentView.swift in Sources */ = {isa = PBXBuildFile; fileRef = 4347F1C227357BFA0028D48B /* ContentView.swift */; };
		4347F1C527357C040028D48B /* Assets.xcassets in Resources */ = {isa = PBXBuildFile; fileRef = 4347F1C427357C040028D48B /* Assets.xcassets */; };
		4347F1C827357C040028D48B /* Preview Assets.xcassets in Resources */ = {isa = PBXBuildFile; fileRef = 4347F1C727357C040028D48B /* Preview Assets.xcassets */; };
		4347F1D1273587020028D48B /* HomeView.swift in Sources */ = {isa = PBXBuildFile; fileRef = 4347F1D0273587020028D48B /* HomeView.swift */; };
		4347F1D42735876A0028D48B /* MusicView.swift in Sources */ = {isa = PBXBuildFile; fileRef = 4347F1D32735876A0028D48B /* MusicView.swift */; };
		4347F1D7273587C80028D48B /* VideoView.swift in Sources */ = {isa = PBXBuildFile; fileRef = 4347F1D6273587C80028D48B /* VideoView.swift */; };
		4347F1DB273587FF0028D48B /* AboutView.swift in Sources */ = {isa = PBXBuildFile; fileRef = 4347F1DA273587FF0028D48B /* AboutView.swift */; };
		4347F1E62735E6860028D48B /* song.swift in Sources */ = {isa = PBXBuildFile; fileRef = 4347F1E42735E6860028D48B /* song.swift */; };
		437B40B8273645E3002664B8 /* AlbumView.swift in Sources */ = {isa = PBXBuildFile; fileRef = 437B40B7273645E3002664B8 /* AlbumView.swift */; };
		437B40C227366D9A002664B8 /* video.swift in Sources */ = {isa = PBXBuildFile; fileRef = 437B40C127366D9A002664B8 /* video.swift */; };
		437B40E6273678B8002664B8 /* ching.mp4 in Resources */ = {isa = PBXBuildFile; fileRef = 437B40DC273678B1002664B8 /* ching.mp4 */; };
		437B40E7273678B8002664B8 /* bu.mp4 in Resources */ = {isa = PBXBuildFile; fileRef = 437B40DD273678B1002664B8 /* bu.mp4 */; };
		437B40E8273678B8002664B8 /* ming.mp4 in Resources */ = {isa = PBXBuildFile; fileRef = 437B40DE273678B2002664B8 /* ming.mp4 */; };
		437B40E9273678B8002664B8 /* ting.mp4 in Resources */ = {isa = PBXBuildFile; fileRef = 437B40DF273678B3002664B8 /* ting.mp4 */; };
		437B40EA273678B8002664B8 /* gei.mp4 in Resources */ = {isa = PBXBuildFile; fileRef = 437B40E0273678B4002664B8 /* gei.mp4 */; };
		437B40EB273678B8002664B8 /* duan.mp4 in Resources */ = {isa = PBXBuildFile; fileRef = 437B40E1273678B5002664B8 /* duan.mp4 */; };
		437B40EC273678B8002664B8 /* ge.mp4 in Resources */ = {isa = PBXBuildFile; fileRef = 437B40E2273678B5002664B8 /* ge.mp4 */; };
		437B40ED273678B8002664B8 /* shuo.mp4 in Resources */ = {isa = PBXBuildFile; fileRef = 437B40E3273678B6002664B8 /* shuo.mp4 */; };
		437B40EE273678B8002664B8 /* so.mp4 in Resources */ = {isa = PBXBuildFile; fileRef = 437B40E4273678B7002664B8 /* so.mp4 */; };
		437B40EF273678B8002664B8 /* da.mp4 in Resources */ = {isa = PBXBuildFile; fileRef = 437B40E5273678B7002664B8 /* da.mp4 */; };
		437B40F2273693D2002664B8 /* VideoPlayerView.swift in Sources */ = {isa = PBXBuildFile; fileRef = 437B40F1273693D2002664B8 /* VideoPlayerView.swift */; };
/* End PBXBuildFile section */

/* Begin PBXFileReference section */
		4347F1BD27357BFA0028D48B /* ios_00857017_hw2.app */ = {isa = PBXFileReference; explicitFileType = wrapper.application; includeInIndex = 0; path = ios_00857017_hw2.app; sourceTree = BUILT_PRODUCTS_DIR; };
		4347F1C027357BFA0028D48B /* ios_00857017_hw2App.swift */ = {isa = PBXFileReference; lastKnownFileType = sourcecode.swift; path = ios_00857017_hw2App.swift; sourceTree = "<group>"; };
		4347F1C227357BFA0028D48B /* ContentView.swift */ = {isa = PBXFileReference; lastKnownFileType = sourcecode.swift; path = ContentView.swift; sourceTree = "<group>"; };
		4347F1C427357C040028D48B /* Assets.xcassets */ = {isa = PBXFileReference; lastKnownFileType = folder.assetcatalog; path = Assets.xcassets; sourceTree = "<group>"; };
		4347F1C727357C040028D48B /* Preview Assets.xcassets */ = {isa = PBXFileReference; lastKnownFileType = folder.assetcatalog; path = "Preview Assets.xcassets"; sourceTree = "<group>"; };
		4347F1C927357C040028D48B /* Info.plist */ = {isa = PBXFileReference; lastKnownFileType = text.plist.xml; path = Info.plist; sourceTree = "<group>"; };
		4347F1D0273587020028D48B /* HomeView.swift */ = {isa = PBXFileReference; lastKnownFileType = sourcecode.swift; path = HomeView.swift; sourceTree = "<group>"; };
		4347F1D32735876A0028D48B /* MusicView.swift */ = {isa = PBXFileReference; lastKnownFileType = sourcecode.swift; path = MusicView.swift; sourceTree = "<group>"; };
		4347F1D6273587C80028D48B /* VideoView.swift */ = {isa = PBXFileReference; lastKnownFileType = sourcecode.swift; path = VideoView.swift; sourceTree = "<group>"; };
		4347F1DA273587FF0028D48B /* AboutView.swift */ = {isa = PBXFileReference; lastKnownFileType = sourcecode.swift; path = AboutView.swift; sourceTree = "<group>"; };
		4347F1E42735E6860028D48B /* song.swift */ = {isa = PBXFileReference; fileEncoding = 4; lastKnownFileType = sourcecode.swift; path = song.swift; sourceTree = "<group>"; };
		437B40B7273645E3002664B8 /* AlbumView.swift */ = {isa = PBXFileReference; lastKnownFileType = sourcecode.swift; path = AlbumView.swift; sourceTree = "<group>"; };
		437B40C127366D9A002664B8 /* video.swift */ = {isa = PBXFileReference; fileEncoding = 4; lastKnownFileType = sourcecode.swift; path = video.swift; sourceTree = "<group>"; };
		437B40DC273678B1002664B8 /* ching.mp4 */ = {isa = PBXFileReference; lastKnownFileType = file; path = ching.mp4; sourceTree = "<group>"; };
		437B40DD273678B1002664B8 /* bu.mp4 */ = {isa = PBXFileReference; lastKnownFileType = file; path = bu.mp4; sourceTree = "<group>"; };
		437B40DE273678B2002664B8 /* ming.mp4 */ = {isa = PBXFileReference; lastKnownFileType = file; path = ming.mp4; sourceTree = "<group>"; };
		437B40DF273678B3002664B8 /* ting.mp4 */ = {isa = PBXFileReference; lastKnownFileType = file; path = ting.mp4; sourceTree = "<group>"; };
		437B40E0273678B4002664B8 /* gei.mp4 */ = {isa = PBXFileReference; lastKnownFileType = file; path = gei.mp4; sourceTree = "<group>"; };
		437B40E1273678B5002664B8 /* duan.mp4 */ = {isa = PBXFileReference; lastKnownFileType = file; path = duan.mp4; sourceTree = "<group>"; };
		437B40E2273678B5002664B8 /* ge.mp4 */ = {isa = PBXFileReference; lastKnownFileType = file; path = ge.mp4; sourceTree = "<group>"; };
		437B40E3273678B6002664B8 /* shuo.mp4 */ = {isa = PBXFileReference; lastKnownFileType = file; path = shuo.mp4; sourceTree = "<group>"; };
		437B40E4273678B7002664B8 /* so.mp4 */ = {isa = PBXFileReference; lastKnownFileType = file; path = so.mp4; sourceTree = "<group>"; };
		437B40E5273678B7002664B8 /* da.mp4 */ = {isa = PBXFileReference; lastKnownFileType = file; path = da.mp4; sourceTree = "<group>"; };
		437B40F1273693D2002664B8 /* VideoPlayerView.swift */ = {isa = PBXFileReference; lastKnownFileType = sourcecode.swift; path = VideoPlayerView.swift; sourceTree = "<group>"; };
/* End PBXFileReference section */

/* Begin PBXFrameworksBuildPhase section */
		4347F1BA27357BFA0028D48B /* Frameworks */ = {
			isa = PBXFrameworksBuildPhase;
			buildActionMask = 2147483647;
			files = (
			);
			runOnlyForDeploymentPostprocessing = 0;
		};
/* End PBXFrameworksBuildPhase section */

/* Begin PBXGroup section */
		4347F1B427357BFA0028D48B = {
			isa = PBXGroup;
			children = (
				4347F1BF27357BFA0028D48B /* ios_00857017_hw2 */,
				4347F1BE27357BFA0028D48B /* Products */,
			);
			sourceTree = "<group>";
		};
		4347F1BE27357BFA0028D48B /* Products */ = {
			isa = PBXGroup;
			children = (
				4347F1BD27357BFA0028D48B /* ios_00857017_hw2.app */,
			);
			name = Products;
			sourceTree = "<group>";
		};
		4347F1BF27357BFA0028D48B /* ios_00857017_hw2 */ = {
			isa = PBXGroup;
			children = (
				437B40DD273678B1002664B8 /* bu.mp4 */,
				437B40DC273678B1002664B8 /* ching.mp4 */,
				437B40E5273678B7002664B8 /* da.mp4 */,
				437B40E1273678B5002664B8 /* duan.mp4 */,
				437B40E2273678B5002664B8 /* ge.mp4 */,
				437B40E0273678B4002664B8 /* gei.mp4 */,
				437B40DE273678B2002664B8 /* ming.mp4 */,
				437B40E3273678B6002664B8 /* shuo.mp4 */,
				437B40E4273678B7002664B8 /* so.mp4 */,
				437B40DF273678B3002664B8 /* ting.mp4 */,
				437B40C127366D9A002664B8 /* video.swift */,
				4347F1E42735E6860028D48B /* song.swift */,
				4347F1DA273587FF0028D48B /* AboutView.swift */,
				4347F1D6273587C80028D48B /* VideoView.swift */,
				4347F1D32735876A0028D48B /* MusicView.swift */,
				4347F1D0273587020028D48B /* HomeView.swift */,
				437B40B7273645E3002664B8 /* AlbumView.swift */,
				4347F1C027357BFA0028D48B /* ios_00857017_hw2App.swift */,
				4347F1C227357BFA0028D48B /* ContentView.swift */,
				4347F1C427357C040028D48B /* Assets.xcassets */,
				4347F1C927357C040028D48B /* Info.plist */,
				4347F1C627357C040028D48B /* Preview Content */,
				437B40F1273693D2002664B8 /* VideoPlayerView.swift */,
			);
			path = ios_00857017_hw2;
			sourceTree = "<group>";
		};
		4347F1C627357C040028D48B /* Preview Content */ = {
			isa = PBXGroup;
			children = (
				4347F1C727357C040028D48B /* Preview Assets.xcassets */,
			);
			path = "Preview Content";
			sourceTree = "<group>";
		};
/* End PBXGroup section */

/* Begin PBXNativeTarget section */
		4347F1BC27357BFA0028D48B /* ios_00857017_hw2 */ = {
			isa = PBXNativeTarget;
			buildConfigurationList = 4347F1CC27357C040028D48B /* Build configuration list for PBXNativeTarget "ios_00857017_hw2" */;
			buildPhases = (
				4347F1B927357BFA0028D48B /* Sources */,
				4347F1BA27357BFA0028D48B /* Frameworks */,
				4347F1BB27357BFA0028D48B /* Resources */,
			);
			buildRules = (
			);
			dependencies = (
			);
			name = ios_00857017_hw2;
			productName = ios_00857017_hw2;
			productReference = 4347F1BD27357BFA0028D48B /* ios_00857017_hw2.app */;
			productType = "com.apple.product-type.application";
		};
/* End PBXNativeTarget section */

/* Begin PBXProject section */
		4347F1B527357BFA0028D48B /* Project object */ = {
			isa = PBXProject;
			attributes = {
				LastSwiftUpdateCheck = 1240;
				LastUpgradeCheck = 1240;
				TargetAttributes = {
					4347F1BC27357BFA0028D48B = {
						CreatedOnToolsVersion = 12.4;
					};
				};
			};
			buildConfigurationList = 4347F1B827357BFA0028D48B /* Build configuration list for PBXProject "ios_00857017_hw2" */;
			compatibilityVersion = "Xcode 9.3";
			developmentRegion = en;
			hasScannedForEncodings = 0;
			knownRegions = (
				en,
				Base,
			);
			mainGroup = 4347F1B427357BFA0028D48B;
			productRefGroup = 4347F1BE27357BFA0028D48B /* Products */;
			projectDirPath = "";
			projectRoot = "";
			targets = (
				4347F1BC27357BFA0028D48B /* ios_00857017_hw2 */,
			);
		};
/* End PBXProject section */

/* Begin PBXResourcesBuildPhase section */
		4347F1BB27357BFA0028D48B /* Resources */ = {
			isa = PBXResourcesBuildPhase;
			buildActionMask = 2147483647;
			files = (
				437B40E7273678B8002664B8 /* bu.mp4 in Resources */,
				437B40E9273678B8002664B8 /* ting.mp4 in Resources */,
				437B40E6273678B8002664B8 /* ching.mp4 in Resources */,
				437B40EA273678B8002664B8 /* gei.mp4 in Resources */,
				437B40EE273678B8002664B8 /* so.mp4 in Resources */,
				4347F1C827357C040028D48B /* Preview Assets.xcassets in Resources */,
				437B40EF273678B8002664B8 /* da.mp4 in Resources */,
				437B40E8273678B8002664B8 /* ming.mp4 in Resources */,
				4347F1C527357C040028D48B /* Assets.xcassets in Resources */,
				437B40EB273678B8002664B8 /* duan.mp4 in Resources */,
				437B40ED273678B8002664B8 /* shuo.mp4 in Resources */,
				437B40EC273678B8002664B8 /* ge.mp4 in Resources */,
			);
			runOnlyForDeploymentPostprocessing = 0;
		};
/* End PBXResourcesBuildPhase section */

/* Begin PBXSourcesBuildPhase section */
		4347F1B927357BFA0028D48B /* Sources */ = {
			isa = PBXSourcesBuildPhase;
			buildActionMask = 2147483647;
			files = (
				4347F1D1273587020028D48B /* HomeView.swift in Sources */,
				4347F1D7273587C80028D48B /* VideoView.swift in Sources */,
				437B40C227366D9A002664B8 /* video.swift in Sources */,
				4347F1C327357BFA0028D48B /* ContentView.swift in Sources */,
				4347F1E62735E6860028D48B /* song.swift in Sources */,
				4347F1D42735876A0028D48B /* MusicView.swift in Sources */,
				4347F1DB273587FF0028D48B /* AboutView.swift in Sources */,
				437B40B8273645E3002664B8 /* AlbumView.swift in Sources */,
				4347F1C127357BFA0028D48B /* ios_00857017_hw2App.swift in Sources */,
				437B40F2273693D2002664B8 /* VideoPlayerView.swift in Sources */,
			);
			runOnlyForDeploymentPostprocessing = 0;
		};
/* End PBXSourcesBuildPhase section */

/* Begin XCBuildConfiguration section */
		4347F1CA27357C040028D48B /* Debug */ = {
			isa = XCBuildConfiguration;
			buildSettings = {
				ALWAYS_SEARCH_USER_PATHS = NO;
				CLANG_ANALYZER_NONNULL = YES;
				CLANG_ANALYZER_NUMBER_OBJECT_CONVERSION = YES_AGGRESSIVE;
				CLANG_CXX_LANGUAGE_STANDARD = "gnu++14";
				CLANG_CXX_LIBRARY = "libc++";
				CLANG_ENABLE_MODULES = YES;
				CLANG_ENABLE_OBJC_ARC = YES;
				CLANG_ENABLE_OBJC_WEAK = YES;
				CLANG_WARN_BLOCK_CAPTURE_AUTORELEASING = YES;
				CLANG_WARN_BOOL_CONVERSION = YES;
				CLANG_WARN_COMMA = YES;
				CLANG_WARN_CONSTANT_CONVERSION = YES;
				CLANG_WARN_DEPRECATED_OBJC_IMPLEMENTATIONS = YES;
				CLANG_WARN_DIRECT_OBJC_ISA_USAGE = YES_ERROR;
				CLANG_WARN_DOCUMENTATION_COMMENTS = YES;
				CLANG_WARN_EMPTY_BODY = YES;
				CLANG_WARN_ENUM_CONVERSION = YES;
				CLANG_WARN_INFINITE_RECURSION = YES;
				CLANG_WARN_INT_CONVERSION = YES;
				CLANG_WARN_NON_LITERAL_NULL_CONVERSION = YES;
				CLANG_WARN_OBJC_IMPLICIT_RETAIN_SELF = YES;
				CLANG_WARN_OBJC_LITERAL_CONVERSION = YES;
				CLANG_WARN_OBJC_ROOT_CLASS = YES_ERROR;
				CLANG_WARN_QUOTED_INCLUDE_IN_FRAMEWORK_HEADER = YES;
				CLANG_WARN_RANGE_LOOP_ANALYSIS = YES;
				CLANG_WARN_STRICT_PROTOTYPES = YES;
				CLANG_WARN_SUSPICIOUS_MOVE = YES;
				CLANG_WARN_UNGUARDED_AVAILABILITY = YES_AGGRESSIVE;
				CLANG_WARN_UNREACHABLE_CODE = YES;
				CLANG_WARN__DUPLICATE_METHOD_MATCH = YES;
				COPY_PHASE_STRIP = NO;
				DEBUG_INFORMATION_FORMAT = dwarf;
				ENABLE_STRICT_OBJC_MSGSEND = YES;
				ENABLE_TESTABILITY = YES;
				GCC_C_LANGUAGE_STANDARD = gnu11;
				GCC_DYNAMIC_NO_PIC = NO;
				GCC_NO_COMMON_BLOCKS = YES;
				GCC_OPTIMIZATION_LEVEL = 0;
				GCC_PREPROCESSOR_DEFINITIONS = (
					"DEBUG=1",
					"$(inherited)",
				);
				GCC_WARN_64_TO_32_BIT_CONVERSION = YES;
				GCC_WARN_ABOUT_RETURN_TYPE = YES_ERROR;
				GCC_WARN_UNDECLARED_SELECTOR = YES;
				GCC_WARN_UNINITIALIZED_AUTOS = YES_AGGRESSIVE;
				GCC_WARN_UNUSED_FUNCTION = YES;
				GCC_WARN_UNUSED_VARIABLE = YES;
				IPHONEOS_DEPLOYMENT_TARGET = 14.4;
				MTL_ENABLE_DEBUG_INFO = INCLUDE_SOURCE;
				MTL_FAST_MATH = YES;
				ONLY_ACTIVE_ARCH = YES;
				SDKROOT = iphoneos;
				SWIFT_ACTIVE_COMPILATION_CONDITIONS = DEBUG;
				SWIFT_OPTIMIZATION_LEVEL = "-Onone";
			};
			name = Debug;
		};
		4347F1CB27357C040028D48B /* Release */ = {
			isa = XCBuildConfiguration;
			buildSettings = {
				ALWAYS_SEARCH_USER_PATHS = NO;
				CLANG_ANALYZER_NONNULL = YES;
				CLANG_ANALYZER_NUMBER_OBJECT_CONVERSION = YES_AGGRESSIVE;
				CLANG_CXX_LANGUAGE_STANDARD = "gnu++14";
				CLANG_CXX_LIBRARY = "libc++";
				CLANG_ENABLE_MODULES = YES;
				CLANG_ENABLE_OBJC_ARC = YES;
				CLANG_ENABLE_OBJC_WEAK = YES;
				CLANG_WARN_BLOCK_CAPTURE_AUTORELEASING = YES;
				CLANG_WARN_BOOL_CONVERSION = YES;
				CLANG_WARN_COMMA = YES;
				CLANG_WARN_CONSTANT_CONVERSION = YES;
				CLANG_WARN_DEPRECATED_OBJC_IMPLEMENTATIONS = YES;
				CLANG_WARN_DIRECT_OBJC_ISA_USAGE = YES_ERROR;
				CLANG_WARN_DOCUMENTATION_COMMENTS = YES;
				CLANG_WARN_EMPTY_BODY = YES;
				CLANG_WARN_ENUM_CONVERSION = YES;
				CLANG_WARN_INFINITE_RECURSION = YES;
				CLANG_WARN_INT_CONVERSION = YES;
				CLANG_WARN_NON_LITERAL_NULL_CONVERSION = YES;
				CLANG_WARN_OBJC_IMPLICIT_RETAIN_SELF = YES;
				CLANG_WARN_OBJC_LITERAL_CONVERSION = YES;
				CLANG_WARN_OBJC_ROOT_CLASS = YES_ERROR;
				CLANG_WARN_QUOTED_INCLUDE_IN_FRAMEWORK_HEADER = YES;
				CLANG_WARN_RANGE_LOOP_ANALYSIS = YES;
				CLANG_WARN_STRICT_PROTOTYPES = YES;
				CLANG_WARN_SUSPICIOUS_MOVE = YES;
				CLANG_WARN_UNGUARDED_AVAILABILITY = YES_AGGRESSIVE;
				CLANG_WARN_UNREACHABLE_CODE = YES;
				CLANG_WARN__DUPLICATE_METHOD_MATCH = YES;
				COPY_PHASE_STRIP = NO;
				DEBUG_INFORMATION_FORMAT = "dwarf-with-dsym";
				ENABLE_NS_ASSERTIONS = NO;
				ENABLE_STRICT_OBJC_MSGSEND = YES;
				GCC_C_LANGUAGE_STANDARD = gnu11;
				GCC_NO_COMMON_BLOCKS = YES;
				GCC_WARN_64_TO_32_BIT_CONVERSION = YES;
				GCC_WARN_ABOUT_RETURN_TYPE = YES_ERROR;
				GCC_WARN_UNDECLARED_SELECTOR = YES;
				GCC_WARN_UNINITIALIZED_AUTOS = YES_AGGRESSIVE;
				GCC_WARN_UNUSED_FUNCTION = YES;
				GCC_WARN_UNUSED_VARIABLE = YES;
				IPHONEOS_DEPLOYMENT_TARGET = 14.4;
				MTL_ENABLE_DEBUG_INFO = NO;
				MTL_FAST_MATH = YES;
				SDKROOT = iphoneos;
				SWIFT_COMPILATION_MODE = wholemodule;
				SWIFT_OPTIMIZATION_LEVEL = "-O";
				VALIDATE_PRODUCT = YES;
			};
			name = Release;
		};
		4347F1CD27357C040028D48B /* Debug */ = {
			isa = XCBuildConfiguration;
			buildSettings = {
				ASSETCATALOG_COMPILER_APPICON_NAME = AppIcon;
				ASSETCATALOG_COMPILER_GLOBAL_ACCENT_COLOR_NAME = AccentColor;
				CODE_SIGN_STYLE = Automatic;
				DEVELOPMENT_ASSET_PATHS = "\"ios_00857017_hw2/Preview Content\"";
				ENABLE_PREVIEWS = YES;
				INFOPLIST_FILE = ios_00857017_hw2/Info.plist;
				IPHONEOS_DEPLOYMENT_TARGET = 14.0;
				LD_RUNPATH_SEARCH_PATHS = (
					"$(inherited)",
					"@executable_path/Frameworks",
				);
				PRODUCT_BUNDLE_IDENTIFIER = "rachel.ios-00857017-hw2";
				PRODUCT_NAME = "$(TARGET_NAME)";
				SWIFT_VERSION = 5.0;
				TARGETED_DEVICE_FAMILY = "1,2";
			};
			name = Debug;
		};
		4347F1CE27357C040028D48B /* Release */ = {
			isa = XCBuildConfiguration;
			buildSettings = {
				ASSETCATALOG_COMPILER_APPICON_NAME = AppIcon;
				ASSETCATALOG_COMPILER_GLOBAL_ACCENT_COLOR_NAME = AccentColor;
				CODE_SIGN_STYLE = Automatic;
				DEVELOPMENT_ASSET_PATHS = "\"ios_00857017_hw2/Preview Content\"";
				ENABLE_PREVIEWS = YES;
				INFOPLIST_FILE = ios_00857017_hw2/Info.plist;
				IPHONEOS_DEPLOYMENT_TARGET = 14.0;
				LD_RUNPATH_SEARCH_PATHS = (
					"$(inherited)",
					"@executable_path/Frameworks",
				);
				PRODUCT_BUNDLE_IDENTIFIER = "rachel.ios-00857017-hw2";
				PRODUCT_NAME = "$(TARGET_NAME)";
				SWIFT_VERSION = 5.0;
				TARGETED_DEVICE_FAMILY = "1,2";
			};
			name = Release;
		};
/* End XCBuildConfiguration section */

/* Begin XCConfigurationList section */
		4347F1B827357BFA0028D48B /* Build configuration list for PBXProject "ios_00857017_hw2" */ = {
			isa = XCConfigurationList;
			buildConfigurations = (
				4347F1CA27357C040028D48B /* Debug */,
				4347F1CB27357C040028D48B /* Release */,
			);
			defaultConfigurationIsVisible = 0;
			defaultConfigurationName = Release;
		};
		4347F1CC27357C040028D48B /* Build configuration list for PBXNativeTarget "ios_00857017_hw2" */ = {
			isa = XCConfigurationList;
			buildConfigurations = (
				4347F1CD27357C040028D48B /* Debug */,
				4347F1CE27357C040028D48B /* Release */,
			);
			defaultConfigurationIsVisible = 0;
			defaultConfigurationName = Release;
		};
/* End XCConfigurationList section */
	};
	rootObject = 4347F1B527357BFA0028D48B /* Project object */;
}
